
Microsoft Visual Studio Solution File, Format Version 12.00
# Visual Studio Version 16
VisualStudioVersion = 16.0.30011.22
MinimumVisualStudioVersion = 10.0.40219.1
Project("{FAE04EC0-301F-11D3-BF4B-00C04F79EFBC}") = "ContosoUniversity", "ContosoUniversity\ContosoUniversity.csproj", "{6F2FBB93-1656-4DAE-A5B8-3526D2E496F4}"
EndProject
Global
	GlobalSection(SolutionConfigurationPlatforms) = preSolution
		Debug|Any CPU = Debug|Any CPU
		Release|Any CPU = Release|Any CPU
	EndGlobalSection
	GlobalSection(ProjectConfigurationPlatforms) = postSolution
		{6F2FBB93-1656-4DAE-A5B8-3526D2E496F4}.Debug|Any CPU.ActiveCfg = Debug|Any CPU
		{6F2FBB93-1656-4DAE-A5B8-3526D2E496F4}.Debug|Any CPU.Build.0 = Debug|Any CPU
		{6F2FBB93-1656-4DAE-A5B8-3526D2E496F4}.Release|Any CPU.ActiveCfg = Release|Any CPU
		{6F2FBB93-1656-4DAE-A5B8-3526D2E496F4}.Release|Any CPU.Build.0 = Release|Any CPU
	EndGlobalSection
	GlobalSection(SolutionProperties) = preSolution
		HideSolutionNode = FALSE
	EndGlobalSection
	GlobalSection(ExtensibilityGlobals) = postSolution
		SolutionGuid = {7F61B8C3-5CE3-4B81-90A8-B179D6146C3C}
	EndGlobalSection
EndGlobal
